
Microsoft Visual Studio Solution File, Format Version 12.00
# Visual Studio Version 16
VisualStudioVersion = 16.0.29920.165
MinimumVisualStudioVersion = 10.0.40219.1
Project("{FAE04EC0-301F-11D3-BF4B-00C04F79EFBC}") = "GuessANumber", "GuessANumber\GuessANumber.csproj", "{11AC5129-F873-4BA9-80D3-B8EA29998A4A}"
EndProject
Global
	GlobalSection(SolutionConfigurationPlatforms) = preSolution
		Debug|Any CPU = Debug|Any CPU
		Release|Any CPU = Release|Any CPU
	EndGlobalSection
	GlobalSection(ProjectConfigurationPlatforms) = postSolution
		{11AC5129-F873-4BA9-80D3-B8EA29998A4A}.Debug|Any CPU.ActiveCfg = Debug|Any CPU
		{11AC5129-F873-4BA9-80D3-B8EA29998A4A}.Debug|Any CPU.Build.0 = Debug|Any CPU
		{11AC5129-F873-4BA9-80D3-B8EA29998A4A}.Release|Any CPU.ActiveCfg = Release|Any CPU
		{11AC5129-F873-4BA9-80D3-B8EA29998A4A}.Release|Any CPU.Build.0 = Release|Any CPU
	EndGlobalSection
	GlobalSection(SolutionProperties) = preSolution
		HideSolutionNode = FALSE
	EndGlobalSection
	GlobalSection(ExtensibilityGlobals) = postSolution
		SolutionGuid = {7B98EA4B-D6DC-4CF1-91CE-6B61A790B3A1}
	EndGlobalSection
EndGlobal
